
Microsoft Visual Studio Solution File, Format Version 12.00
# Visual Studio Version 16
VisualStudioVersion = 16.0.31624.102
MinimumVisualStudioVersion = 10.0.40219.1
Project("{FAE04EC0-301F-11D3-BF4B-00C04F79EFBC}") = "igbgui", "igbgui.csproj", "{02846422-105F-4271-B0F1-9E5D862E625D}"
EndProject
Global
	GlobalSection(SolutionConfigurationPlatforms) = preSolution
		Debug|Any CPU = Debug|Any CPU
		Release|Any CPU = Release|Any CPU
	EndGlobalSection
	GlobalSection(ProjectConfigurationPlatforms) = postSolution
		{02846422-105F-4271-B0F1-9E5D862E625D}.Debug|Any CPU.ActiveCfg = Debug|Any CPU
		{02846422-105F-4271-B0F1-9E5D862E625D}.Debug|Any CPU.Build.0 = Debug|Any CPU
		{02846422-105F-4271-B0F1-9E5D862E625D}.Release|Any CPU.ActiveCfg = Release|Any CPU
		{02846422-105F-4271-B0F1-9E5D862E625D}.Release|Any CPU.Build.0 = Release|Any CPU
	EndGlobalSection
	GlobalSection(SolutionProperties) = preSolution
		HideSolutionNode = FALSE
	EndGlobalSection
	GlobalSection(ExtensibilityGlobals) = postSolution
		SolutionGuid = {20C69977-285E-4689-AF50-B0ABC796BC1E}
	EndGlobalSection
EndGlobal
